
Microsoft Visual Studio Solution File, Format Version 12.00
# Visual Studio 15
VisualStudioVersion = 15.0.25909.2
MinimumVisualStudioVersion = 10.0.40219.1
Project("{FAE04EC0-301F-11D3-BF4B-00C04F79EFBC}") = "Vidyano.Core", "Vidyano.Core\Vidyano.Core.csproj", "{D4E0846A-8F29-4311-8EDA-2242CBED1633}"
EndProject
Project("{FAE04EC0-301F-11D3-BF4B-00C04F79EFBC}") = "Demo", "Demo\Demo.csproj", "{A7B9C3F1-5E2D-4A8B-9C3F-1234567890AB}"
EndProject
Project("{FAE04EC0-301F-11D3-BF4B-00C04F79EFBC}") = "Vidyano.Script", "Vidyano.Script\Vidyano.Script.csproj", "{8DA76A5B-B8EC-4687-B6FD-7AC42AAE3AED}"
EndProject
Project("{FAE04EC0-301F-11D3-BF4B-00C04F79EFBC}") = "Vidyano.Script.Tool", "Vidyano.Script.Tool\Vidyano.Script.Tool.csproj", "{F32EE0BA-A662-4ECF-A4C8-AB5B4C48E8FA}"
EndProject
Global
	GlobalSection(SolutionConfigurationPlatforms) = preSolution
		Debug|Any CPU = Debug|Any CPU
		Debug|x64 = Debug|x64
		Debug|x86 = Debug|x86
		Release|Any CPU = Release|Any CPU
		Release|x64 = Release|x64
		Release|x86 = Release|x86
	EndGlobalSection
	GlobalSection(ProjectConfigurationPlatforms) = postSolution
		{D4E0846A-8F29-4311-8EDA-2242CBED1633}.Debug|Any CPU.ActiveCfg = Debug|Any CPU
		{D4E0846A-8F29-4311-8EDA-2242CBED1633}.Debug|Any CPU.Build.0 = Debug|Any CPU
		{D4E0846A-8F29-4311-8EDA-2242CBED1633}.Debug|x64.ActiveCfg = Debug|Any CPU
		{D4E0846A-8F29-4311-8EDA-2242CBED1633}.Debug|x64.Build.0 = Debug|Any CPU
		{D4E0846A-8F29-4311-8EDA-2242CBED1633}.Debug|x86.ActiveCfg = Debug|Any CPU
		{D4E0846A-8F29-4311-8EDA-2242CBED1633}.Debug|x86.Build.0 = Debug|Any CPU
		{D4E0846A-8F29-4311-8EDA-2242CBED1633}.Release|Any CPU.ActiveCfg = Release|Any CPU
		{D4E0846A-8F29-4311-8EDA-2242CBED1633}.Release|Any CPU.Build.0 = Release|Any CPU
		{D4E0846A-8F29-4311-8EDA-2242CBED1633}.Release|x64.ActiveCfg = Release|Any CPU
		{D4E0846A-8F29-4311-8EDA-2242CBED1633}.Release|x64.Build.0 = Release|Any CPU
		{D4E0846A-8F29-4311-8EDA-2242CBED1633}.Release|x86.ActiveCfg = Release|Any CPU
		{D4E0846A-8F29-4311-8EDA-2242CBED1633}.Release|x86.Build.0 = Release|Any CPU
		{A7B9C3F1-5E2D-4A8B-9C3F-1234567890AB}.Debug|Any CPU.ActiveCfg = Debug|Any CPU
		{A7B9C3F1-5E2D-4A8B-9C3F-1234567890AB}.Debug|Any CPU.Build.0 = Debug|Any CPU
		{A7B9C3F1-5E2D-4A8B-9C3F-1234567890AB}.Debug|x64.ActiveCfg = Debug|Any CPU
		{A7B9C3F1-5E2D-4A8B-9C3F-1234567890AB}.Debug|x64.Build.0 = Debug|Any CPU
		{A7B9C3F1-5E2D-4A8B-9C3F-1234567890AB}.Debug|x86.ActiveCfg = Debug|Any CPU
		{A7B9C3F1-5E2D-4A8B-9C3F-1234567890AB}.Debug|x86.Build.0 = Debug|Any CPU
		{A7B9C3F1-5E2D-4A8B-9C3F-1234567890AB}.Release|Any CPU.ActiveCfg = Release|Any CPU
		{A7B9C3F1-5E2D-4A8B-9C3F-1234567890AB}.Release|Any CPU.Build.0 = Release|Any CPU
		{A7B9C3F1-5E2D-4A8B-9C3F-1234567890AB}.Release|x64.ActiveCfg = Release|Any CPU
		{A7B9C3F1-5E2D-4A8B-9C3F-1234567890AB}.Release|x64.Build.0 = Release|Any CPU
		{A7B9C3F1-5E2D-4A8B-9C3F-1234567890AB}.Release|x86.ActiveCfg = Release|Any CPU
		{A7B9C3F1-5E2D-4A8B-9C3F-1234567890AB}.Release|x86.Build.0 = Release|Any CPU
		{8DA76A5B-B8EC-4687-B6FD-7AC42AAE3AED}.Debug|Any CPU.ActiveCfg = Debug|Any CPU
		{8DA76A5B-B8EC-4687-B6FD-7AC42AAE3AED}.Debug|Any CPU.Build.0 = Debug|Any CPU
		{8DA76A5B-B8EC-4687-B6FD-7AC42AAE3AED}.Debug|x64.ActiveCfg = Debug|Any CPU
		{8DA76A5B-B8EC-4687-B6FD-7AC42AAE3AED}.Debug|x64.Build.0 = Debug|Any CPU
		{8DA76A5B-B8EC-4687-B6FD-7AC42AAE3AED}.Debug|x86.ActiveCfg = Debug|Any CPU
		{8DA76A5B-B8EC-4687-B6FD-7AC42AAE3AED}.Debug|x86.Build.0 = Debug|Any CPU
		{8DA76A5B-B8EC-4687-B6FD-7AC42AAE3AED}.Release|Any CPU.ActiveCfg = Release|Any CPU
		{8DA76A5B-B8EC-4687-B6FD-7AC42AAE3AED}.Release|Any CPU.Build.0 = Release|Any CPU
		{8DA76A5B-B8EC-4687-B6FD-7AC42AAE3AED}.Release|x64.ActiveCfg = Release|Any CPU
		{8DA76A5B-B8EC-4687-B6FD-7AC42AAE3AED}.Release|x64.Build.0 = Release|Any CPU
		{8DA76A5B-B8EC-4687-B6FD-7AC42AAE3AED}.Release|x86.ActiveCfg = Release|Any CPU
		{8DA76A5B-B8EC-4687-B6FD-7AC42AAE3AED}.Release|x86.Build.0 = Release|Any CPU
		{F32EE0BA-A662-4ECF-A4C8-AB5B4C48E8FA}.Debug|Any CPU.ActiveCfg = Debug|Any CPU
		{F32EE0BA-A662-4ECF-A4C8-AB5B4C48E8FA}.Debug|Any CPU.Build.0 = Debug|Any CPU
		{F32EE0BA-A662-4ECF-A4C8-AB5B4C48E8FA}.Debug|x64.ActiveCfg = Debug|Any CPU
		{F32EE0BA-A662-4ECF-A4C8-AB5B4C48E8FA}.Debug|x64.Build.0 = Debug|Any CPU
		{F32EE0BA-A662-4ECF-A4C8-AB5B4C48E8FA}.Debug|x86.ActiveCfg = Debug|Any CPU
		{F32EE0BA-A662-4ECF-A4C8-AB5B4C48E8FA}.Debug|x86.Build.0 = Debug|Any CPU
		{F32EE0BA-A662-4ECF-A4C8-AB5B4C48E8FA}.Release|Any CPU.ActiveCfg = Release|Any CPU
		{F32EE0BA-A662-4ECF-A4C8-AB5B4C48E8FA}.Release|Any CPU.Build.0 = Release|Any CPU
		{F32EE0BA-A662-4ECF-A4C8-AB5B4C48E8FA}.Release|x64.ActiveCfg = Release|Any CPU
		{F32EE0BA-A662-4ECF-A4C8-AB5B4C48E8FA}.Release|x64.Build.0 = Release|Any CPU
		{F32EE0BA-A662-4ECF-A4C8-AB5B4C48E8FA}.Release|x86.ActiveCfg = Release|Any CPU
		{F32EE0BA-A662-4ECF-A4C8-AB5B4C48E8FA}.Release|x86.Build.0 = Release|Any CPU
	EndGlobalSection
	GlobalSection(SolutionProperties) = preSolution
		HideSolutionNode = FALSE
	EndGlobalSection
EndGlobal
