
Microsoft Visual Studio Solution File, Format Version 12.00
# Visual Studio 15
VisualStudioVersion = 15.0.25909.2
MinimumVisualStudioVersion = 10.0.40219.1
Project("{FAE04EC0-301F-11D3-BF4B-00C04F79EFBC}") = "Vidyano.Core", "Vidyano.Core\Vidyano.Core.csproj", "{D4E0846A-8F29-4311-8EDA-2242CBED1633}"
EndProject
Project("{FAE04EC0-301F-11D3-BF4B-00C04F79EFBC}") = "Demo", "Demo\Demo.csproj", "{A7B9C3F1-5E2D-4A8B-9C3F-1234567890AB}"
EndProject
Project("{FAE04EC0-301F-11D3-BF4B-00C04F79EFBC}") = "Vidyano.Script", "Vidyano.Script\Vidyano.Script.csproj", "{8DA76A5B-B8EC-4687-B6FD-7AC42AAE3AED}"
EndProject
Project("{FAE04EC0-301F-11D3-BF4B-00C04F79EFBC}") = "Vidyano.Script.Tool", "Vidyano.Script.Tool\Vidyano.Script.Tool.csproj", "{F32EE0BA-A662-4ECF-A4C8-AB5B4C48E8FA}"
EndProject
Project("{FAE04EC0-301F-11D3-BF4B-00C04F79EFBC}") = "Vidyano.Script.Tests", "Vidyano.Script.Tests\Vidyano.Script.Tests.csproj", "{C72EE8BF-50B4-435B-B5AE-63E301F76C92}"
EndProject
Project("{FAE04EC0-301F-11D3-BF4B-00C04F79EFBC}") = "Vidyano.Script.LanguageServer", "Vidyano.Script.LanguageServer\Vidyano.Script.LanguageServer.csproj", "{B1F9A2C4-3D6E-4F8A-9B2C-7E1D5A4C8F30}"
EndProject
Project("{FAE04EC0-301F-11D3-BF4B-00C04F79EFBC}") = "Vidyano.Script.IntegrationTests", "Vidyano.Script.IntegrationTests\Vidyano.Script.IntegrationTests.csproj", "{88027A2E-5C50-4227-8A50-708F3B8CDFDB}"
EndProject
Global
	GlobalSection(SolutionConfigurationPlatforms) = preSolution
		Debug|Any CPU = Debug|Any CPU
		Release|Any CPU = Release|Any CPU
	EndGlobalSection
	GlobalSection(ProjectConfigurationPlatforms) = postSolution
		{D4E0846A-8F29-4311-8EDA-2242CBED1633}.Debug|Any CPU.ActiveCfg = Debug|Any CPU
		{D4E0846A-8F29-4311-8EDA-2242CBED1633}.Debug|Any CPU.Build.0 = Debug|Any CPU
		{D4E0846A-8F29-4311-8EDA-2242CBED1633}.Release|Any CPU.ActiveCfg = Release|Any CPU
		{D4E0846A-8F29-4311-8EDA-2242CBED1633}.Release|Any CPU.Build.0 = Release|Any CPU
		{A7B9C3F1-5E2D-4A8B-9C3F-1234567890AB}.Debug|Any CPU.ActiveCfg = Debug|Any CPU
		{A7B9C3F1-5E2D-4A8B-9C3F-1234567890AB}.Debug|Any CPU.Build.0 = Debug|Any CPU
		{A7B9C3F1-5E2D-4A8B-9C3F-1234567890AB}.Release|Any CPU.ActiveCfg = Release|Any CPU
		{A7B9C3F1-5E2D-4A8B-9C3F-1234567890AB}.Release|Any CPU.Build.0 = Release|Any CPU
		{8DA76A5B-B8EC-4687-B6FD-7AC42AAE3AED}.Debug|Any CPU.ActiveCfg = Debug|Any CPU
		{8DA76A5B-B8EC-4687-B6FD-7AC42AAE3AED}.Debug|Any CPU.Build.0 = Debug|Any CPU
		{8DA76A5B-B8EC-4687-B6FD-7AC42AAE3AED}.Release|Any CPU.ActiveCfg = Release|Any CPU
		{8DA76A5B-B8EC-4687-B6FD-7AC42AAE3AED}.Release|Any CPU.Build.0 = Release|Any CPU
		{F32EE0BA-A662-4ECF-A4C8-AB5B4C48E8FA}.Debug|Any CPU.ActiveCfg = Debug|Any CPU
		{F32EE0BA-A662-4ECF-A4C8-AB5B4C48E8FA}.Debug|Any CPU.Build.0 = Debug|Any CPU
		{F32EE0BA-A662-4ECF-A4C8-AB5B4C48E8FA}.Release|Any CPU.ActiveCfg = Release|Any CPU
		{F32EE0BA-A662-4ECF-A4C8-AB5B4C48E8FA}.Release|Any CPU.Build.0 = Release|Any CPU
		{C72EE8BF-50B4-435B-B5AE-63E301F76C92}.Debug|Any CPU.ActiveCfg = Debug|Any CPU
		{C72EE8BF-50B4-435B-B5AE-63E301F76C92}.Debug|Any CPU.Build.0 = Debug|Any CPU
		{C72EE8BF-50B4-435B-B5AE-63E301F76C92}.Release|Any CPU.ActiveCfg = Release|Any CPU
		{C72EE8BF-50B4-435B-B5AE-63E301F76C92}.Release|Any CPU.Build.0 = Release|Any CPU
		{B1F9A2C4-3D6E-4F8A-9B2C-7E1D5A4C8F30}.Debug|Any CPU.ActiveCfg = Debug|Any CPU
		{B1F9A2C4-3D6E-4F8A-9B2C-7E1D5A4C8F30}.Debug|Any CPU.Build.0 = Debug|Any CPU
		{B1F9A2C4-3D6E-4F8A-9B2C-7E1D5A4C8F30}.Release|Any CPU.ActiveCfg = Release|Any CPU
		{B1F9A2C4-3D6E-4F8A-9B2C-7E1D5A4C8F30}.Release|Any CPU.Build.0 = Release|Any CPU
		{88027A2E-5C50-4227-8A50-708F3B8CDFDB}.Debug|Any CPU.ActiveCfg = Debug|Any CPU
		{88027A2E-5C50-4227-8A50-708F3B8CDFDB}.Debug|Any CPU.Build.0 = Debug|Any CPU
		{88027A2E-5C50-4227-8A50-708F3B8CDFDB}.Release|Any CPU.ActiveCfg = Release|Any CPU
		{88027A2E-5C50-4227-8A50-708F3B8CDFDB}.Release|Any CPU.Build.0 = Release|Any CPU
	EndGlobalSection
	GlobalSection(SolutionProperties) = preSolution
		HideSolutionNode = FALSE
	EndGlobalSection
EndGlobal
